
Microsoft Visual Studio Solution File, Format Version 11.00
# Visual Studio 2010
Project("{FAE04EC0-301F-11D3-BF4B-00C04F79EFBC}") = "DatabaseObjects.MonoDroid", "DatabaseObjects.MonoDroid.csproj", "{2BB24C29-723B-4B9B-9A3D-1364A17B7B66}"
EndProject
Global
	GlobalSection(SolutionConfigurationPlatforms) = preSolution
		Debug|Any CPU = Debug|Any CPU
		Release|Any CPU = Release|Any CPU
	EndGlobalSection
	GlobalSection(ProjectConfigurationPlatforms) = postSolution
		{2BB24C29-723B-4B9B-9A3D-1364A17B7B66}.Debug|Any CPU.ActiveCfg = Debug|Any CPU
		{2BB24C29-723B-4B9B-9A3D-1364A17B7B66}.Debug|Any CPU.Build.0 = Debug|Any CPU
		{2BB24C29-723B-4B9B-9A3D-1364A17B7B66}.Release|Any CPU.ActiveCfg = Release|Any CPU
		{2BB24C29-723B-4B9B-9A3D-1364A17B7B66}.Release|Any CPU.Build.0 = Release|Any CPU
	EndGlobalSection
	GlobalSection(MonoDevelopProperties) = preSolution
		StartupItem = DatabaseObjects.MonoDroid.csproj
	EndGlobalSection
EndGlobal
